# THIS IS AN AUTOGENERATED FILE. DO NOT EDIT THIS FILE DIRECTLY.
# yarn lockfile v1


"@types/lodash@^4.14.176":
  version "4.14.176"
  resolved "https://registry.npmmirror.com/@types/lodash/download/@types/lodash-4.14.176.tgz?cache=0&sync_timestamp=1634769339682&other_urls=https%3A%2F%2Fregistry.npmmirror.com%2F%40types%2Flodash%2Fdownload%2F%40types%2Flodash-4.14.176.tgz#641150fc1cda36fbfa329de603bbb175d7ee20c0"
  integrity sha1-ZBFQ/BzaNvv6Mp3mA7uxddfuIMA=

lodash@^4.17.21:
  version "4.17.21"
  resolved "https://registry.npm.taobao.org/lodash/download/lodash-4.17.21.tgz?cache=0&sync_timestamp=1615982514995&other_urls=https%3A%2F%2Fregistry.npm.taobao.org%2Flodash%2Fdownload%2Flodash-4.17.21.tgz#679591c564c3bffaae8454cf0b3df370c3d6911c"
  integrity sha1-Z5WRxWTDv/quhFTPCz3zcMPWkRw=
